// !$*UTF8*$!
{
	archiveVersion = 1;
	classes = {
	};
	objectVersion = 51;
	objects = {

/* Begin PBXBuildFile section */
		3821DFFB248B03380029BB1F /* AppDelegate.swift in Sources */ = {isa = PBXBuildFile; fileRef = 3821DFFA248B03380029BB1F /* AppDelegate.swift */; };
		3821DFFD248B03380029BB1F /* SceneDelegate.swift in Sources */ = {isa = PBXBuildFile; fileRef = 3821DFFC248B03380029BB1F /* SceneDelegate.swift */; };
		3821DFFF248B03380029BB1F /* ViewController.swift in Sources */ = {isa = PBXBuildFile; fileRef = 3821DFFE248B03380029BB1F /* ViewController.swift */; };
		3821E002248B03380029BB1F /* Main.storyboard in Resources */ = {isa = PBXBuildFile; fileRef = 3821E000248B03380029BB1F /* Main.storyboard */; };
		3821E005248B03380029BB1F /* Remind.xcdatamodeld in Sources */ = {isa = PBXBuildFile; fileRef = 3821E003248B03380029BB1F /* Remind.xcdatamodeld */; };
		3821E007248B03390029BB1F /* Assets.xcassets in Resources */ = {isa = PBXBuildFile; fileRef = 3821E006248B03390029BB1F /* Assets.xcassets */; };
		3821E00A248B03390029BB1F /* LaunchScreen.storyboard in Resources */ = {isa = PBXBuildFile; fileRef = 3821E008248B03390029BB1F /* LaunchScreen.storyboard */; };
		3821E018248B040A0029BB1F /* Alamofire+.swift in Sources */ = {isa = PBXBuildFile; fileRef = 3821E015248B040A0029BB1F /* Alamofire+.swift */; };
		3821E019248B040A0029BB1F /* UIImageView+.swift in Sources */ = {isa = PBXBuildFile; fileRef = 3821E016248B040A0029BB1F /* UIImageView+.swift */; };
		3821E01A248B040A0029BB1F /* Array+.swift in Sources */ = {isa = PBXBuildFile; fileRef = 3821E017248B040A0029BB1F /* Array+.swift */; };
		3821E020248B04340029BB1F /* APIClient.swift in Sources */ = {isa = PBXBuildFile; fileRef = 3821E01B248B04340029BB1F /* APIClient.swift */; };
		3821E021248B04340029BB1F /* UserAction.swift in Sources */ = {isa = PBXBuildFile; fileRef = 3821E01C248B04340029BB1F /* UserAction.swift */; };
		3821E022248B04340029BB1F /* RequestService.swift in Sources */ = {isa = PBXBuildFile; fileRef = 3821E01D248B04340029BB1F /* RequestService.swift */; };
		3821E023248B04340029BB1F /* APIAction.swift in Sources */ = {isa = PBXBuildFile; fileRef = 3821E01E248B04340029BB1F /* APIAction.swift */; };
		3821E024248B04340029BB1F /* Resource.swift in Sources */ = {isa = PBXBuildFile; fileRef = 3821E01F248B04340029BB1F /* Resource.swift */; };
		3821E02C248B04610029BB1F /* CustomError.swift in Sources */ = {isa = PBXBuildFile; fileRef = 3821E026248B04610029BB1F /* CustomError.swift */; };
		3821E044248B0D970029BB1F /* User.swift in Sources */ = {isa = PBXBuildFile; fileRef = 3821E040248B0D970029BB1F /* User.swift */; };
		3821E045248B0D970029BB1F /* Classroom.swift in Sources */ = {isa = PBXBuildFile; fileRef = 3821E041248B0D970029BB1F /* Classroom.swift */; };
		3821E046248B0D970029BB1F /* Image.swift in Sources */ = {isa = PBXBuildFile; fileRef = 3821E042248B0D970029BB1F /* Image.swift */; };
		3821E047248B0D970029BB1F /* NewUser.swift in Sources */ = {isa = PBXBuildFile; fileRef = 3821E043248B0D970029BB1F /* NewUser.swift */; };
		3821E04A248B0DA40029BB1F /* LoginResponse.swift in Sources */ = {isa = PBXBuildFile; fileRef = 3821E049248B0DA40029BB1F /* LoginResponse.swift */; };
		3821E04C248B0E530029BB1F /* ClassroomsResponse.swift in Sources */ = {isa = PBXBuildFile; fileRef = 3821E04B248B0E530029BB1F /* ClassroomsResponse.swift */; };
		3821E04E248B11C10029BB1F /* RegisterResponse.swift in Sources */ = {isa = PBXBuildFile; fileRef = 3821E04D248B11C10029BB1F /* RegisterResponse.swift */; };
		3821E050248B129F0029BB1F /* JoinClassroomResponse.swift in Sources */ = {isa = PBXBuildFile; fileRef = 3821E04F248B129F0029BB1F /* JoinClassroomResponse.swift */; };
		3821E052248B139D0029BB1F /* UploadImageResponse.swift in Sources */ = {isa = PBXBuildFile; fileRef = 3821E051248B139D0029BB1F /* UploadImageResponse.swift */; };
		3821E054248B164A0029BB1F /* GenerateResponse.swift in Sources */ = {isa = PBXBuildFile; fileRef = 3821E053248B164A0029BB1F /* GenerateResponse.swift */; };
		3821E056248B16EC0029BB1F /* ExploreResponse.swift in Sources */ = {isa = PBXBuildFile; fileRef = 3821E055248B16EC0029BB1F /* ExploreResponse.swift */; };
		3821E058248B19930029BB1F /* ConvertedImageResponse.swift in Sources */ = {isa = PBXBuildFile; fileRef = 3821E057248B19930029BB1F /* ConvertedImageResponse.swift */; };
		DF89518E80A90E876DC8E40E /* Pods_Remind.framework in Frameworks */ = {isa = PBXBuildFile; fileRef = 9707412B62D5C03DC0219DC0 /* Pods_Remind.framework */; };
/* End PBXBuildFile section */

/* Begin PBXFileReference section */
		0A02AC83C5D8E6A4755BAFE8 /* Pods-Remind.release.xcconfig */ = {isa = PBXFileReference; includeInIndex = 1; lastKnownFileType = text.xcconfig; name = "Pods-Remind.release.xcconfig"; path = "Target Support Files/Pods-Remind/Pods-Remind.release.xcconfig"; sourceTree = "<group>"; };
		0BE8788911366DC54DCE62FF /* Pods-Remind.debug.xcconfig */ = {isa = PBXFileReference; includeInIndex = 1; lastKnownFileType = text.xcconfig; name = "Pods-Remind.debug.xcconfig"; path = "Target Support Files/Pods-Remind/Pods-Remind.debug.xcconfig"; sourceTree = "<group>"; };
		3821DFF7248B03380029BB1F /* Remind.app */ = {isa = PBXFileReference; explicitFileType = wrapper.application; includeInIndex = 0; path = Remind.app; sourceTree = BUILT_PRODUCTS_DIR; };
		3821DFFA248B03380029BB1F /* AppDelegate.swift */ = {isa = PBXFileReference; lastKnownFileType = sourcecode.swift; path = AppDelegate.swift; sourceTree = "<group>"; };
		3821DFFC248B03380029BB1F /* SceneDelegate.swift */ = {isa = PBXFileReference; lastKnownFileType = sourcecode.swift; path = SceneDelegate.swift; sourceTree = "<group>"; };
		3821DFFE248B03380029BB1F /* ViewController.swift */ = {isa = PBXFileReference; lastKnownFileType = sourcecode.swift; path = ViewController.swift; sourceTree = "<group>"; };
		3821E001248B03380029BB1F /* Base */ = {isa = PBXFileReference; lastKnownFileType = file.storyboard; name = Base; path = Base.lproj/Main.storyboard; sourceTree = "<group>"; };
		3821E004248B03380029BB1F /* Remind.xcdatamodel */ = {isa = PBXFileReference; lastKnownFileType = wrapper.xcdatamodel; path = Remind.xcdatamodel; sourceTree = "<group>"; };
		3821E006248B03390029BB1F /* Assets.xcassets */ = {isa = PBXFileReference; lastKnownFileType = folder.assetcatalog; path = Assets.xcassets; sourceTree = "<group>"; };
		3821E009248B03390029BB1F /* Base */ = {isa = PBXFileReference; lastKnownFileType = file.storyboard; name = Base; path = Base.lproj/LaunchScreen.storyboard; sourceTree = "<group>"; };
		3821E00B248B03390029BB1F /* Info.plist */ = {isa = PBXFileReference; lastKnownFileType = text.plist.xml; path = Info.plist; sourceTree = "<group>"; };
		3821E015248B040A0029BB1F /* Alamofire+.swift */ = {isa = PBXFileReference; fileEncoding = 4; lastKnownFileType = sourcecode.swift; path = "Alamofire+.swift"; sourceTree = "<group>"; };
		3821E016248B040A0029BB1F /* UIImageView+.swift */ = {isa = PBXFileReference; fileEncoding = 4; lastKnownFileType = sourcecode.swift; path = "UIImageView+.swift"; sourceTree = "<group>"; };
		3821E017248B040A0029BB1F /* Array+.swift */ = {isa = PBXFileReference; fileEncoding = 4; lastKnownFileType = sourcecode.swift; path = "Array+.swift"; sourceTree = "<group>"; };
		3821E01B248B04340029BB1F /* APIClient.swift */ = {isa = PBXFileReference; fileEncoding = 4; lastKnownFileType = sourcecode.swift; path = APIClient.swift; sourceTree = "<group>"; };
		3821E01C248B04340029BB1F /* UserAction.swift */ = {isa = PBXFileReference; fileEncoding = 4; lastKnownFileType = sourcecode.swift; path = UserAction.swift; sourceTree = "<group>"; };
		3821E01D248B04340029BB1F /* RequestService.swift */ = {isa = PBXFileReference; fileEncoding = 4; lastKnownFileType = sourcecode.swift; path = RequestService.swift; sourceTree = "<group>"; };
		3821E01E248B04340029BB1F /* APIAction.swift */ = {isa = PBXFileReference; fileEncoding = 4; lastKnownFileType = sourcecode.swift; path = APIAction.swift; sourceTree = "<group>"; };
		3821E01F248B04340029BB1F /* Resource.swift */ = {isa = PBXFileReference; fileEncoding = 4; lastKnownFileType = sourcecode.swift; path = Resource.swift; sourceTree = "<group>"; };
		3821E026248B04610029BB1F /* CustomError.swift */ = {isa = PBXFileReference; fileEncoding = 4; lastKnownFileType = sourcecode.swift; path = CustomError.swift; sourceTree = "<group>"; };
		3821E040248B0D970029BB1F /* User.swift */ = {isa = PBXFileReference; fileEncoding = 4; lastKnownFileType = sourcecode.swift; path = User.swift; sourceTree = "<group>"; };
		3821E041248B0D970029BB1F /* Classroom.swift */ = {isa = PBXFileReference; fileEncoding = 4; lastKnownFileType = sourcecode.swift; path = Classroom.swift; sourceTree = "<group>"; };
		3821E042248B0D970029BB1F /* Image.swift */ = {isa = PBXFileReference; fileEncoding = 4; lastKnownFileType = sourcecode.swift; path = Image.swift; sourceTree = "<group>"; };
		3821E043248B0D970029BB1F /* NewUser.swift */ = {isa = PBXFileReference; fileEncoding = 4; lastKnownFileType = sourcecode.swift; path = NewUser.swift; sourceTree = "<group>"; };
		3821E049248B0DA40029BB1F /* LoginResponse.swift */ = {isa = PBXFileReference; lastKnownFileType = sourcecode.swift; path = LoginResponse.swift; sourceTree = "<group>"; };
		3821E04B248B0E530029BB1F /* ClassroomsResponse.swift */ = {isa = PBXFileReference; lastKnownFileType = sourcecode.swift; path = ClassroomsResponse.swift; sourceTree = "<group>"; };
		3821E04D248B11C10029BB1F /* RegisterResponse.swift */ = {isa = PBXFileReference; lastKnownFileType = sourcecode.swift; path = RegisterResponse.swift; sourceTree = "<group>"; };
		3821E04F248B129F0029BB1F /* JoinClassroomResponse.swift */ = {isa = PBXFileReference; lastKnownFileType = sourcecode.swift; path = JoinClassroomResponse.swift; sourceTree = "<group>"; };
		3821E051248B139D0029BB1F /* UploadImageResponse.swift */ = {isa = PBXFileReference; lastKnownFileType = sourcecode.swift; path = UploadImageResponse.swift; sourceTree = "<group>"; };
		3821E053248B164A0029BB1F /* GenerateResponse.swift */ = {isa = PBXFileReference; lastKnownFileType = sourcecode.swift; path = GenerateResponse.swift; sourceTree = "<group>"; };
		3821E055248B16EC0029BB1F /* ExploreResponse.swift */ = {isa = PBXFileReference; lastKnownFileType = sourcecode.swift; path = ExploreResponse.swift; sourceTree = "<group>"; };
		3821E057248B19930029BB1F /* ConvertedImageResponse.swift */ = {isa = PBXFileReference; lastKnownFileType = sourcecode.swift; path = ConvertedImageResponse.swift; sourceTree = "<group>"; };
		9707412B62D5C03DC0219DC0 /* Pods_Remind.framework */ = {isa = PBXFileReference; explicitFileType = wrapper.framework; includeInIndex = 0; path = Pods_Remind.framework; sourceTree = BUILT_PRODUCTS_DIR; };
/* End PBXFileReference section */

/* Begin PBXFrameworksBuildPhase section */
		3821DFF4248B03380029BB1F /* Frameworks */ = {
			isa = PBXFrameworksBuildPhase;
			buildActionMask = 2147483647;
			files = (
				DF89518E80A90E876DC8E40E /* Pods_Remind.framework in Frameworks */,
			);
			runOnlyForDeploymentPostprocessing = 0;
		};
/* End PBXFrameworksBuildPhase section */

/* Begin PBXGroup section */
		3821DFEE248B03380029BB1F = {
			isa = PBXGroup;
			children = (
				3821DFF9248B03380029BB1F /* Remind */,
				3821DFF8248B03380029BB1F /* Products */,
				F6C02A5F3457BF6D20857FF8 /* Pods */,
				7A50D83306194A425F9DE05D /* Frameworks */,
			);
			sourceTree = "<group>";
		};
		3821DFF8248B03380029BB1F /* Products */ = {
			isa = PBXGroup;
			children = (
				3821DFF7248B03380029BB1F /* Remind.app */,
			);
			name = Products;
			sourceTree = "<group>";
		};
		3821DFF9248B03380029BB1F /* Remind */ = {
			isa = PBXGroup;
			children = (
				3821E048248B0D9A0029BB1F /* Response */,
				3821E025248B04460029BB1F /* Models */,
				3821E013248B03DC0029BB1F /* Networking */,
				3821E012248B03D80029BB1F /* Protocols */,
				3821E011248B03CF0029BB1F /* Extensions */,
				3821DFFA248B03380029BB1F /* AppDelegate.swift */,
				3821DFFC248B03380029BB1F /* SceneDelegate.swift */,
				3821DFFE248B03380029BB1F /* ViewController.swift */,
				3821E000248B03380029BB1F /* Main.storyboard */,
				3821E006248B03390029BB1F /* Assets.xcassets */,
				3821E008248B03390029BB1F /* LaunchScreen.storyboard */,
				3821E00B248B03390029BB1F /* Info.plist */,
				3821E003248B03380029BB1F /* Remind.xcdatamodeld */,
			);
			path = Remind;
			sourceTree = "<group>";
		};
		3821E011248B03CF0029BB1F /* Extensions */ = {
			isa = PBXGroup;
			children = (
				3821E015248B040A0029BB1F /* Alamofire+.swift */,
				3821E017248B040A0029BB1F /* Array+.swift */,
				3821E016248B040A0029BB1F /* UIImageView+.swift */,
			);
			path = Extensions;
			sourceTree = "<group>";
		};
		3821E012248B03D80029BB1F /* Protocols */ = {
			isa = PBXGroup;
			children = (
			);
			path = Protocols;
			sourceTree = "<group>";
		};
		3821E013248B03DC0029BB1F /* Networking */ = {
			isa = PBXGroup;
			children = (
				3821E01E248B04340029BB1F /* APIAction.swift */,
				3821E01B248B04340029BB1F /* APIClient.swift */,
				3821E01D248B04340029BB1F /* RequestService.swift */,
				3821E01F248B04340029BB1F /* Resource.swift */,
				3821E01C248B04340029BB1F /* UserAction.swift */,
			);
			path = Networking;
			sourceTree = "<group>";
		};
		3821E025248B04460029BB1F /* Models */ = {
			isa = PBXGroup;
			children = (
				3821E041248B0D970029BB1F /* Classroom.swift */,
				3821E042248B0D970029BB1F /* Image.swift */,
				3821E043248B0D970029BB1F /* NewUser.swift */,
				3821E040248B0D970029BB1F /* User.swift */,
				3821E026248B04610029BB1F /* CustomError.swift */,
			);
			path = Models;
			sourceTree = "<group>";
		};
		3821E048248B0D9A0029BB1F /* Response */ = {
			isa = PBXGroup;
			children = (
				3821E049248B0DA40029BB1F /* LoginResponse.swift */,
				3821E04B248B0E530029BB1F /* ClassroomsResponse.swift */,
				3821E04D248B11C10029BB1F /* RegisterResponse.swift */,
				3821E04F248B129F0029BB1F /* JoinClassroomResponse.swift */,
				3821E051248B139D0029BB1F /* UploadImageResponse.swift */,
				3821E053248B164A0029BB1F /* GenerateResponse.swift */,
				3821E055248B16EC0029BB1F /* ExploreResponse.swift */,
				3821E057248B19930029BB1F /* ConvertedImageResponse.swift */,
			);
			path = Response;
			sourceTree = "<group>";
		};
		7A50D83306194A425F9DE05D /* Frameworks */ = {
			isa = PBXGroup;
			children = (
				9707412B62D5C03DC0219DC0 /* Pods_Remind.framework */,
			);
			name = Frameworks;
			sourceTree = "<group>";
		};
		F6C02A5F3457BF6D20857FF8 /* Pods */ = {
			isa = PBXGroup;
			children = (
				0BE8788911366DC54DCE62FF /* Pods-Remind.debug.xcconfig */,
				0A02AC83C5D8E6A4755BAFE8 /* Pods-Remind.release.xcconfig */,
			);
			path = Pods;
			sourceTree = "<group>";
		};
/* End PBXGroup section */

/* Begin PBXNativeTarget section */
		3821DFF6248B03380029BB1F /* Remind */ = {
			isa = PBXNativeTarget;
			buildConfigurationList = 3821E00E248B03390029BB1F /* Build configuration list for PBXNativeTarget "Remind" */;
			buildPhases = (
				268A057AD467669169DE22C4 /* [CP] Check Pods Manifest.lock */,
				3821DFF3248B03380029BB1F /* Sources */,
				3821DFF4248B03380029BB1F /* Frameworks */,
				3821DFF5248B03380029BB1F /* Resources */,
				52EF41930DFF81C1AE013BE8 /* [CP] Embed Pods Frameworks */,
			);
			buildRules = (
			);
			dependencies = (
			);
			name = Remind;
			productName = Remind;
			productReference = 3821DFF7248B03380029BB1F /* Remind.app */;
			productType = "com.apple.product-type.application";
		};
/* End PBXNativeTarget section */

/* Begin PBXProject section */
		3821DFEF248B03380029BB1F /* Project object */ = {
			isa = PBXProject;
			attributes = {
				LastSwiftUpdateCheck = 1140;
				LastUpgradeCheck = 1140;
				ORGANIZATIONNAME = Remind;
				TargetAttributes = {
					3821DFF6248B03380029BB1F = {
						CreatedOnToolsVersion = 11.4;
					};
				};
			};
			buildConfigurationList = 3821DFF2248B03380029BB1F /* Build configuration list for PBXProject "Remind" */;
			compatibilityVersion = "Xcode 9.3";
			developmentRegion = en;
			hasScannedForEncodings = 0;
			knownRegions = (
				en,
				Base,
			);
			mainGroup = 3821DFEE248B03380029BB1F;
			productRefGroup = 3821DFF8248B03380029BB1F /* Products */;
			projectDirPath = "";
			projectRoot = "";
			targets = (
				3821DFF6248B03380029BB1F /* Remind */,
			);
		};
/* End PBXProject section */

/* Begin PBXResourcesBuildPhase section */
		3821DFF5248B03380029BB1F /* Resources */ = {
			isa = PBXResourcesBuildPhase;
			buildActionMask = 2147483647;
			files = (
				3821E00A248B03390029BB1F /* LaunchScreen.storyboard in Resources */,
				3821E007248B03390029BB1F /* Assets.xcassets in Resources */,
				3821E002248B03380029BB1F /* Main.storyboard in Resources */,
			);
			runOnlyForDeploymentPostprocessing = 0;
		};
/* End PBXResourcesBuildPhase section */

/* Begin PBXShellScriptBuildPhase section */
		268A057AD467669169DE22C4 /* [CP] Check Pods Manifest.lock */ = {
			isa = PBXShellScriptBuildPhase;
			buildActionMask = 2147483647;
			files = (
			);
			inputFileListPaths = (
			);
			inputPaths = (
				"${PODS_PODFILE_DIR_PATH}/Podfile.lock",
				"${PODS_ROOT}/Manifest.lock",
			);
			name = "[CP] Check Pods Manifest.lock";
			outputFileListPaths = (
			);
			outputPaths = (
				"$(DERIVED_FILE_DIR)/Pods-Remind-checkManifestLockResult.txt",
			);
			runOnlyForDeploymentPostprocessing = 0;
			shellPath = /bin/sh;
			shellScript = "diff \"${PODS_PODFILE_DIR_PATH}/Podfile.lock\" \"${PODS_ROOT}/Manifest.lock\" > /dev/null\nif [ $? != 0 ] ; then\n    # print error to STDERR\n    echo \"error: The sandbox is not in sync with the Podfile.lock. Run 'pod install' or update your CocoaPods installation.\" >&2\n    exit 1\nfi\n# This output is used by Xcode 'outputs' to avoid re-running this script phase.\necho \"SUCCESS\" > \"${SCRIPT_OUTPUT_FILE_0}\"\n";
			showEnvVarsInLog = 0;
		};
		52EF41930DFF81C1AE013BE8 /* [CP] Embed Pods Frameworks */ = {
			isa = PBXShellScriptBuildPhase;
			buildActionMask = 2147483647;
			files = (
			);
			inputFileListPaths = (
				"${PODS_ROOT}/Target Support Files/Pods-Remind/Pods-Remind-frameworks-${CONFIGURATION}-input-files.xcfilelist",
			);
			name = "[CP] Embed Pods Frameworks";
			outputFileListPaths = (
				"${PODS_ROOT}/Target Support Files/Pods-Remind/Pods-Remind-frameworks-${CONFIGURATION}-output-files.xcfilelist",
			);
			runOnlyForDeploymentPostprocessing = 0;
			shellPath = /bin/sh;
			shellScript = "\"${PODS_ROOT}/Target Support Files/Pods-Remind/Pods-Remind-frameworks.sh\"\n";
			showEnvVarsInLog = 0;
		};
/* End PBXShellScriptBuildPhase section */

/* Begin PBXSourcesBuildPhase section */
		3821DFF3248B03380029BB1F /* Sources */ = {
			isa = PBXSourcesBuildPhase;
			buildActionMask = 2147483647;
			files = (
				3821E050248B129F0029BB1F /* JoinClassroomResponse.swift in Sources */,
				3821E058248B19930029BB1F /* ConvertedImageResponse.swift in Sources */,
				3821E019248B040A0029BB1F /* UIImageView+.swift in Sources */,
				3821E018248B040A0029BB1F /* Alamofire+.swift in Sources */,
				3821E04A248B0DA40029BB1F /* LoginResponse.swift in Sources */,
				3821E02C248B04610029BB1F /* CustomError.swift in Sources */,
				3821DFFF248B03380029BB1F /* ViewController.swift in Sources */,
				3821E047248B0D970029BB1F /* NewUser.swift in Sources */,
				3821E022248B04340029BB1F /* RequestService.swift in Sources */,
				3821E045248B0D970029BB1F /* Classroom.swift in Sources */,
				3821E054248B164A0029BB1F /* GenerateResponse.swift in Sources */,
				3821E023248B04340029BB1F /* APIAction.swift in Sources */,
				3821E044248B0D970029BB1F /* User.swift in Sources */,
				3821E020248B04340029BB1F /* APIClient.swift in Sources */,
				3821E046248B0D970029BB1F /* Image.swift in Sources */,
				3821E056248B16EC0029BB1F /* ExploreResponse.swift in Sources */,
				3821E052248B139D0029BB1F /* UploadImageResponse.swift in Sources */,
				3821DFFB248B03380029BB1F /* AppDelegate.swift in Sources */,
				3821E04E248B11C10029BB1F /* RegisterResponse.swift in Sources */,
				3821E005248B03380029BB1F /* Remind.xcdatamodeld in Sources */,
				3821DFFD248B03380029BB1F /* SceneDelegate.swift in Sources */,
				3821E024248B04340029BB1F /* Resource.swift in Sources */,
				3821E04C248B0E530029BB1F /* ClassroomsResponse.swift in Sources */,
				3821E021248B04340029BB1F /* UserAction.swift in Sources */,
				3821E01A248B040A0029BB1F /* Array+.swift in Sources */,
			);
			runOnlyForDeploymentPostprocessing = 0;
		};
/* End PBXSourcesBuildPhase section */

/* Begin PBXVariantGroup section */
		3821E000248B03380029BB1F /* Main.storyboard */ = {
			isa = PBXVariantGroup;
			children = (
				3821E001248B03380029BB1F /* Base */,
			);
			name = Main.storyboard;
			sourceTree = "<group>";
		};
		3821E008248B03390029BB1F /* LaunchScreen.storyboard */ = {
			isa = PBXVariantGroup;
			children = (
				3821E009248B03390029BB1F /* Base */,
			);
			name = LaunchScreen.storyboard;
			sourceTree = "<group>";
		};
/* End PBXVariantGroup section */

/* Begin XCBuildConfiguration section */
		3821E00C248B03390029BB1F /* Debug */ = {
			isa = XCBuildConfiguration;
			buildSettings = {
				ALWAYS_SEARCH_USER_PATHS = NO;
				CLANG_ANALYZER_NONNULL = YES;
				CLANG_ANALYZER_NUMBER_OBJECT_CONVERSION = YES_AGGRESSIVE;
				CLANG_CXX_LANGUAGE_STANDARD = "gnu++14";
				CLANG_CXX_LIBRARY = "libc++";
				CLANG_ENABLE_MODULES = YES;
				CLANG_ENABLE_OBJC_ARC = YES;
				CLANG_ENABLE_OBJC_WEAK = YES;
				CLANG_WARN_BLOCK_CAPTURE_AUTORELEASING = YES;
				CLANG_WARN_BOOL_CONVERSION = YES;
				CLANG_WARN_COMMA = YES;
				CLANG_WARN_CONSTANT_CONVERSION = YES;
				CLANG_WARN_DEPRECATED_OBJC_IMPLEMENTATIONS = YES;
				CLANG_WARN_DIRECT_OBJC_ISA_USAGE = YES_ERROR;
				CLANG_WARN_DOCUMENTATION_COMMENTS = YES;
				CLANG_WARN_EMPTY_BODY = YES;
				CLANG_WARN_ENUM_CONVERSION = YES;
				CLANG_WARN_INFINITE_RECURSION = YES;
				CLANG_WARN_INT_CONVERSION = YES;
				CLANG_WARN_NON_LITERAL_NULL_CONVERSION = YES;
				CLANG_WARN_OBJC_IMPLICIT_RETAIN_SELF = YES;
				CLANG_WARN_OBJC_LITERAL_CONVERSION = YES;
				CLANG_WARN_OBJC_ROOT_CLASS = YES_ERROR;
				CLANG_WARN_RANGE_LOOP_ANALYSIS = YES;
				CLANG_WARN_STRICT_PROTOTYPES = YES;
				CLANG_WARN_SUSPICIOUS_MOVE = YES;
				CLANG_WARN_UNGUARDED_AVAILABILITY = YES_AGGRESSIVE;
				CLANG_WARN_UNREACHABLE_CODE = YES;
				CLANG_WARN__DUPLICATE_METHOD_MATCH = YES;
				COPY_PHASE_STRIP = NO;
				DEBUG_INFORMATION_FORMAT = dwarf;
				ENABLE_STRICT_OBJC_MSGSEND = YES;
				ENABLE_TESTABILITY = YES;
				GCC_C_LANGUAGE_STANDARD = gnu11;
				GCC_DYNAMIC_NO_PIC = NO;
				GCC_NO_COMMON_BLOCKS = YES;
				GCC_OPTIMIZATION_LEVEL = 0;
				GCC_PREPROCESSOR_DEFINITIONS = (
					"DEBUG=1",
					"$(inherited)",
				);
				GCC_WARN_64_TO_32_BIT_CONVERSION = YES;
				GCC_WARN_ABOUT_RETURN_TYPE = YES_ERROR;
				GCC_WARN_UNDECLARED_SELECTOR = YES;
				GCC_WARN_UNINITIALIZED_AUTOS = YES_AGGRESSIVE;
				GCC_WARN_UNUSED_FUNCTION = YES;
				GCC_WARN_UNUSED_VARIABLE = YES;
				IPHONEOS_DEPLOYMENT_TARGET = 13.4;
				MTL_ENABLE_DEBUG_INFO = INCLUDE_SOURCE;
				MTL_FAST_MATH = YES;
				ONLY_ACTIVE_ARCH = YES;
				SDKROOT = iphoneos;
				SWIFT_ACTIVE_COMPILATION_CONDITIONS = DEBUG;
				SWIFT_OPTIMIZATION_LEVEL = "-Onone";
			};
			name = Debug;
		};
		3821E00D248B03390029BB1F /* Release */ = {
			isa = XCBuildConfiguration;
			buildSettings = {
				ALWAYS_SEARCH_USER_PATHS = NO;
				CLANG_ANALYZER_NONNULL = YES;
				CLANG_ANALYZER_NUMBER_OBJECT_CONVERSION = YES_AGGRESSIVE;
				CLANG_CXX_LANGUAGE_STANDARD = "gnu++14";
				CLANG_CXX_LIBRARY = "libc++";
				CLANG_ENABLE_MODULES = YES;
				CLANG_ENABLE_OBJC_ARC = YES;
				CLANG_ENABLE_OBJC_WEAK = YES;
				CLANG_WARN_BLOCK_CAPTURE_AUTORELEASING = YES;
				CLANG_WARN_BOOL_CONVERSION = YES;
				CLANG_WARN_COMMA = YES;
				CLANG_WARN_CONSTANT_CONVERSION = YES;
				CLANG_WARN_DEPRECATED_OBJC_IMPLEMENTATIONS = YES;
				CLANG_WARN_DIRECT_OBJC_ISA_USAGE = YES_ERROR;
				CLANG_WARN_DOCUMENTATION_COMMENTS = YES;
				CLANG_WARN_EMPTY_BODY = YES;
				CLANG_WARN_ENUM_CONVERSION = YES;
				CLANG_WARN_INFINITE_RECURSION = YES;
				CLANG_WARN_INT_CONVERSION = YES;
				CLANG_WARN_NON_LITERAL_NULL_CONVERSION = YES;
				CLANG_WARN_OBJC_IMPLICIT_RETAIN_SELF = YES;
				CLANG_WARN_OBJC_LITERAL_CONVERSION = YES;
				CLANG_WARN_OBJC_ROOT_CLASS = YES_ERROR;
				CLANG_WARN_RANGE_LOOP_ANALYSIS = YES;
				CLANG_WARN_STRICT_PROTOTYPES = YES;
				CLANG_WARN_SUSPICIOUS_MOVE = YES;
				CLANG_WARN_UNGUARDED_AVAILABILITY = YES_AGGRESSIVE;
				CLANG_WARN_UNREACHABLE_CODE = YES;
				CLANG_WARN__DUPLICATE_METHOD_MATCH = YES;
				COPY_PHASE_STRIP = NO;
				DEBUG_INFORMATION_FORMAT = "dwarf-with-dsym";
				ENABLE_NS_ASSERTIONS = NO;
				ENABLE_STRICT_OBJC_MSGSEND = YES;
				GCC_C_LANGUAGE_STANDARD = gnu11;
				GCC_NO_COMMON_BLOCKS = YES;
				GCC_WARN_64_TO_32_BIT_CONVERSION = YES;
				GCC_WARN_ABOUT_RETURN_TYPE = YES_ERROR;
				GCC_WARN_UNDECLARED_SELECTOR = YES;
				GCC_WARN_UNINITIALIZED_AUTOS = YES_AGGRESSIVE;
				GCC_WARN_UNUSED_FUNCTION = YES;
				GCC_WARN_UNUSED_VARIABLE = YES;
				IPHONEOS_DEPLOYMENT_TARGET = 13.4;
				MTL_ENABLE_DEBUG_INFO = NO;
				MTL_FAST_MATH = YES;
				SDKROOT = iphoneos;
				SWIFT_COMPILATION_MODE = wholemodule;
				SWIFT_OPTIMIZATION_LEVEL = "-O";
				VALIDATE_PRODUCT = YES;
			};
			name = Release;
		};
		3821E00F248B03390029BB1F /* Debug */ = {
			isa = XCBuildConfiguration;
			baseConfigurationReference = 0BE8788911366DC54DCE62FF /* Pods-Remind.debug.xcconfig */;
			buildSettings = {
				ASSETCATALOG_COMPILER_APPICON_NAME = AppIcon;
				CODE_SIGN_STYLE = Automatic;
				DEVELOPMENT_TEAM = 9B4B8VGXYW;
				INFOPLIST_FILE = Remind/Info.plist;
				LD_RUNPATH_SEARCH_PATHS = (
					"$(inherited)",
					"@executable_path/Frameworks",
				);
				PRODUCT_BUNDLE_IDENTIFIER = com.remind.haaai.Remind;
				PRODUCT_NAME = "$(TARGET_NAME)";
				SWIFT_VERSION = 5.0;
				TARGETED_DEVICE_FAMILY = "1,2";
			};
			name = Debug;
		};
		3821E010248B03390029BB1F /* Release */ = {
			isa = XCBuildConfiguration;
			baseConfigurationReference = 0A02AC83C5D8E6A4755BAFE8 /* Pods-Remind.release.xcconfig */;
			buildSettings = {
				ASSETCATALOG_COMPILER_APPICON_NAME = AppIcon;
				CODE_SIGN_STYLE = Automatic;
				DEVELOPMENT_TEAM = 9B4B8VGXYW;
				INFOPLIST_FILE = Remind/Info.plist;
				LD_RUNPATH_SEARCH_PATHS = (
					"$(inherited)",
					"@executable_path/Frameworks",
				);
				PRODUCT_BUNDLE_IDENTIFIER = com.remind.haaai.Remind;
				PRODUCT_NAME = "$(TARGET_NAME)";
				SWIFT_VERSION = 5.0;
				TARGETED_DEVICE_FAMILY = "1,2";
			};
			name = Release;
		};
/* End XCBuildConfiguration section */

/* Begin XCConfigurationList section */
		3821DFF2248B03380029BB1F /* Build configuration list for PBXProject "Remind" */ = {
			isa = XCConfigurationList;
			buildConfigurations = (
				3821E00C248B03390029BB1F /* Debug */,
				3821E00D248B03390029BB1F /* Release */,
			);
			defaultConfigurationIsVisible = 0;
			defaultConfigurationName = Release;
		};
		3821E00E248B03390029BB1F /* Build configuration list for PBXNativeTarget "Remind" */ = {
			isa = XCConfigurationList;
			buildConfigurations = (
				3821E00F248B03390029BB1F /* Debug */,
				3821E010248B03390029BB1F /* Release */,
			);
			defaultConfigurationIsVisible = 0;
			defaultConfigurationName = Release;
		};
/* End XCConfigurationList section */

/* Begin XCVersionGroup section */
		3821E003248B03380029BB1F /* Remind.xcdatamodeld */ = {
			isa = XCVersionGroup;
			children = (
				3821E004248B03380029BB1F /* Remind.xcdatamodel */,
			);
			currentVersion = 3821E004248B03380029BB1F /* Remind.xcdatamodel */;
			path = Remind.xcdatamodeld;
			sourceTree = "<group>";
			versionGroupType = wrapper.xcdatamodel;
		};
/* End XCVersionGroup section */
	};
	rootObject = 3821DFEF248B03380029BB1F /* Project object */;
}
